
Microsoft Visual Studio Solution File, Format Version 12.00
# Visual Studio Version 17
VisualStudioVersion = 17.10.35013.160
MinimumVisualStudioVersion = 10.0.40219.1
Project("{FAE04EC0-301F-11D3-BF4B-00C04F79EFBC}") = "Photography", "Photography.csproj", "{FE08A020-A7BF-4CCC-A933-7E794256129D}"
EndProject
Global
	GlobalSection(SolutionConfigurationPlatforms) = preSolution
		Debug|Any CPU = Debug|Any CPU
		Release|Any CPU = Release|Any CPU
	EndGlobalSection
	GlobalSection(ProjectConfigurationPlatforms) = postSolution
		{FE08A020-A7BF-4CCC-A933-7E794256129D}.Debug|Any CPU.ActiveCfg = Debug|Any CPU
		{FE08A020-A7BF-4CCC-A933-7E794256129D}.Debug|Any CPU.Build.0 = Debug|Any CPU
		{FE08A020-A7BF-4CCC-A933-7E794256129D}.Release|Any CPU.ActiveCfg = Release|Any CPU
		{FE08A020-A7BF-4CCC-A933-7E794256129D}.Release|Any CPU.Build.0 = Release|Any CPU
	EndGlobalSection
	GlobalSection(SolutionProperties) = preSolution
		HideSolutionNode = FALSE
	EndGlobalSection
	GlobalSection(ExtensibilityGlobals) = postSolution
		SolutionGuid = {EF40BAF2-DBFA-4B8C-90B0-8273434BC3EF}
	EndGlobalSection
EndGlobal
